
Microsoft Visual Studio Solution File, Format Version 12.00
# Visual Studio Version 17
VisualStudioVersion = 17.0.32112.339
MinimumVisualStudioVersion = 10.0.40219.1
Project("{FAE04EC0-301F-11D3-BF4B-00C04F79EFBC}") = "WebVideoGamepad.NET", "WebVideoGamepad.NET\WebVideoGamepad.NET.csproj", "{3452B365-F11F-48E6-AD9C-EF43D6D86ED1}"
EndProject
Global
	GlobalSection(SolutionConfigurationPlatforms) = preSolution
		Debug|Any CPU = Debug|Any CPU
		Debug|x64 = Debug|x64
		Release|Any CPU = Release|Any CPU
		Release|x64 = Release|x64
	EndGlobalSection
	GlobalSection(ProjectConfigurationPlatforms) = postSolution
		{3452B365-F11F-48E6-AD9C-EF43D6D86ED1}.Debug|Any CPU.ActiveCfg = Debug|Any CPU
		{3452B365-F11F-48E6-AD9C-EF43D6D86ED1}.Debug|Any CPU.Build.0 = Debug|Any CPU
		{3452B365-F11F-48E6-AD9C-EF43D6D86ED1}.Debug|x64.ActiveCfg = Debug|x64
		{3452B365-F11F-48E6-AD9C-EF43D6D86ED1}.Debug|x64.Build.0 = Debug|x64
		{3452B365-F11F-48E6-AD9C-EF43D6D86ED1}.Release|Any CPU.ActiveCfg = Release|Any CPU
		{3452B365-F11F-48E6-AD9C-EF43D6D86ED1}.Release|Any CPU.Build.0 = Release|Any CPU
		{3452B365-F11F-48E6-AD9C-EF43D6D86ED1}.Release|x64.ActiveCfg = Release|x64
		{3452B365-F11F-48E6-AD9C-EF43D6D86ED1}.Release|x64.Build.0 = Release|x64
	EndGlobalSection
	GlobalSection(SolutionProperties) = preSolution
		HideSolutionNode = FALSE
	EndGlobalSection
	GlobalSection(ExtensibilityGlobals) = postSolution
		SolutionGuid = {C32E4F62-27D3-4A30-801B-D2BD4DEAD3BA}
	EndGlobalSection
EndGlobal
